
Microsoft Visual Studio Solution File, Format Version 12.00
# Visual Studio Version 17
VisualStudioVersion = 17.6.33829.357
MinimumVisualStudioVersion = 10.0.40219.1
Project("{888888A0-9F3D-457C-B088-3A5042F75D52}") = "Arithmetic Formatter", "Arithmetic Formatter.pyproj", "{FAD7ED06-083D-4EE7-B2D4-B573CFC8303A}"
EndProject
Global
	GlobalSection(SolutionConfigurationPlatforms) = preSolution
		Debug|Any CPU = Debug|Any CPU
		Release|Any CPU = Release|Any CPU
	EndGlobalSection
	GlobalSection(ProjectConfigurationPlatforms) = postSolution
		{FAD7ED06-083D-4EE7-B2D4-B573CFC8303A}.Debug|Any CPU.ActiveCfg = Debug|Any CPU
		{FAD7ED06-083D-4EE7-B2D4-B573CFC8303A}.Release|Any CPU.ActiveCfg = Release|Any CPU
	EndGlobalSection
	GlobalSection(SolutionProperties) = preSolution
		HideSolutionNode = FALSE
	EndGlobalSection
	GlobalSection(ExtensibilityGlobals) = postSolution
		SolutionGuid = {F011CB9A-D543-453C-AE6C-AF6FE021A260}
	EndGlobalSection
EndGlobal
